
Microsoft Visual Studio Solution File, Format Version 12.00
# Visual Studio Version 17
VisualStudioVersion = 17.5.33627.172
MinimumVisualStudioVersion = 10.0.40219.1
Project("{FAE04EC0-301F-11D3-BF4B-00C04F79EFBC}") = "LoginPage", "LoginPage\LoginPage.csproj", "{FFFAA4B5-DC2C-4AA8-8E4C-04AB16E36FA9}"
EndProject
Global
	GlobalSection(SolutionConfigurationPlatforms) = preSolution
		Debug|Any CPU = Debug|Any CPU
		Release|Any CPU = Release|Any CPU
	EndGlobalSection
	GlobalSection(ProjectConfigurationPlatforms) = postSolution
		{FFFAA4B5-DC2C-4AA8-8E4C-04AB16E36FA9}.Debug|Any CPU.ActiveCfg = Debug|Any CPU
		{FFFAA4B5-DC2C-4AA8-8E4C-04AB16E36FA9}.Debug|Any CPU.Build.0 = Debug|Any CPU
		{FFFAA4B5-DC2C-4AA8-8E4C-04AB16E36FA9}.Release|Any CPU.ActiveCfg = Release|Any CPU
		{FFFAA4B5-DC2C-4AA8-8E4C-04AB16E36FA9}.Release|Any CPU.Build.0 = Release|Any CPU
	EndGlobalSection
	GlobalSection(SolutionProperties) = preSolution
		HideSolutionNode = FALSE
	EndGlobalSection
	GlobalSection(ExtensibilityGlobals) = postSolution
		SolutionGuid = {522BF8F1-8824-45DF-B83A-8E386E2CFC67}
	EndGlobalSection
EndGlobal
